
Microsoft Visual Studio Solution File, Format Version 12.00
# Visual Studio Version 17
VisualStudioVersion = 17.5.002.0
MinimumVisualStudioVersion = 10.0.40219.1
Project("{9A19103F-16F7-4668-BE54-9A1E7A4F7556}") = "TestingBackend", "TestingBackend\TestingBackend.csproj", "{16362CA5-A350-4CAC-8D97-1DA1D9EB5E20}"
EndProject
Global
	GlobalSection(SolutionConfigurationPlatforms) = preSolution
		Debug|Any CPU = Debug|Any CPU
		Release|Any CPU = Release|Any CPU
	EndGlobalSection
	GlobalSection(ProjectConfigurationPlatforms) = postSolution
		{16362CA5-A350-4CAC-8D97-1DA1D9EB5E20}.Debug|Any CPU.ActiveCfg = Debug|Any CPU
		{16362CA5-A350-4CAC-8D97-1DA1D9EB5E20}.Debug|Any CPU.Build.0 = Debug|Any CPU
		{16362CA5-A350-4CAC-8D97-1DA1D9EB5E20}.Release|Any CPU.ActiveCfg = Release|Any CPU
		{16362CA5-A350-4CAC-8D97-1DA1D9EB5E20}.Release|Any CPU.Build.0 = Release|Any CPU
	EndGlobalSection
	GlobalSection(SolutionProperties) = preSolution
		HideSolutionNode = FALSE
	EndGlobalSection
	GlobalSection(ExtensibilityGlobals) = postSolution
		SolutionGuid = {522D89C4-07ED-4C56-B29E-82D7D1E7530F}
	EndGlobalSection
EndGlobal
